
Microsoft Visual Studio Solution File, Format Version 12.00
# Visual Studio Version 16
VisualStudioVersion = 16.0.29418.71
MinimumVisualStudioVersion = 10.0.40219.1
Project("{FAE04EC0-301F-11D3-BF4B-00C04F79EFBC}") = "SerializePeople", "SerializePeople\SerializePeople.csproj", "{710F905F-FE2D-402F-A380-BAD7A89D3A74}"
EndProject
Project("{FAE04EC0-301F-11D3-BF4B-00C04F79EFBC}") = "SerializePeople.Tests", "SerializePeople.Tests\SerializePeople.Tests.csproj", "{8EF26018-A5C1-4916-B50E-538B9490AFBA}"
EndProject
Global
	GlobalSection(SolutionConfigurationPlatforms) = preSolution
		Debug|Any CPU = Debug|Any CPU
		Release|Any CPU = Release|Any CPU
	EndGlobalSection
	GlobalSection(ProjectConfigurationPlatforms) = postSolution
		{710F905F-FE2D-402F-A380-BAD7A89D3A74}.Debug|Any CPU.ActiveCfg = Debug|Any CPU
		{710F905F-FE2D-402F-A380-BAD7A89D3A74}.Debug|Any CPU.Build.0 = Debug|Any CPU
		{710F905F-FE2D-402F-A380-BAD7A89D3A74}.Release|Any CPU.ActiveCfg = Release|Any CPU
		{710F905F-FE2D-402F-A380-BAD7A89D3A74}.Release|Any CPU.Build.0 = Release|Any CPU
		{8EF26018-A5C1-4916-B50E-538B9490AFBA}.Debug|Any CPU.ActiveCfg = Debug|Any CPU
		{8EF26018-A5C1-4916-B50E-538B9490AFBA}.Debug|Any CPU.Build.0 = Debug|Any CPU
		{8EF26018-A5C1-4916-B50E-538B9490AFBA}.Release|Any CPU.ActiveCfg = Release|Any CPU
		{8EF26018-A5C1-4916-B50E-538B9490AFBA}.Release|Any CPU.Build.0 = Release|Any CPU
	EndGlobalSection
	GlobalSection(SolutionProperties) = preSolution
		HideSolutionNode = FALSE
	EndGlobalSection
	GlobalSection(ExtensibilityGlobals) = postSolution
		SolutionGuid = {90026400-14B0-4360-8E6A-10B4A1EE6DAD}
	EndGlobalSection
EndGlobal
